
Microsoft Visual Studio Solution File, Format Version 12.00
# Visual Studio Version 17
VisualStudioVersion = 17.3.32819.101
MinimumVisualStudioVersion = 10.0.40219.1
Project("{FAE04EC0-301F-11D3-BF4B-00C04F79EFBC}") = "Notes.Identity", "Notes.Identity\Notes.Identity.csproj", "{8C84D49D-8E2C-43F3-B693-808218C0812A}"
EndProject
Global
	GlobalSection(SolutionConfigurationPlatforms) = preSolution
		Debug|Any CPU = Debug|Any CPU
		Release|Any CPU = Release|Any CPU
	EndGlobalSection
	GlobalSection(ProjectConfigurationPlatforms) = postSolution
		{8C84D49D-8E2C-43F3-B693-808218C0812A}.Debug|Any CPU.ActiveCfg = Debug|Any CPU
		{8C84D49D-8E2C-43F3-B693-808218C0812A}.Debug|Any CPU.Build.0 = Debug|Any CPU
		{8C84D49D-8E2C-43F3-B693-808218C0812A}.Release|Any CPU.ActiveCfg = Release|Any CPU
		{8C84D49D-8E2C-43F3-B693-808218C0812A}.Release|Any CPU.Build.0 = Release|Any CPU
	EndGlobalSection
	GlobalSection(SolutionProperties) = preSolution
		HideSolutionNode = FALSE
	EndGlobalSection
	GlobalSection(ExtensibilityGlobals) = postSolution
		SolutionGuid = {E3724D8A-DCD0-4F89-947B-8E09C54A49F6}
	EndGlobalSection
EndGlobal
